{
  "name": "hbase",
  "version": "1.0.0",
  "lockfileVersion": 2,
  "requires": true,
  "packages": {
    "": {
      "name": "hbase",
      "version": "1.0.0",
      "license": "ISC",
      "dependencies": {
        "hbase": "^0.6.1"
      }
    },
    "node_modules/bindings": {
      "version": "1.5.0",
      "resolved": "https://repo.ihsmarkit.com/artifactory/api/npm/npm-ultraviolet/bindings/-/bindings-1.5.0.tgz",
      "integrity": "sha512-p2q/t/mhvuOj/UeLlV6566GD/guowlr0hHxClI0W9m7MWYkL1F0hLo+0Aexs9HSPCtR1SXQ0TD3MMKrXZajbiQ==",
      "optional": true,
      "dependencies": {
        "file-uri-to-path": "1.0.0"
      }
    },
    "node_modules/file-uri-to-path": {
      "version": "1.0.0",
      "resolved": "https://repo.ihsmarkit.com/artifactory/api/npm/npm-ultraviolet/file-uri-to-path/-/file-uri-to-path-1.0.0.tgz",
      "integrity": "sha512-0Zt+s3L7Vf1biwWZ29aARiVYLx7iMGnEUl9x33fbB/j3jR81u/O2LbqK+Bm1CDSNDKVtJ/YjwY7TUd5SkeLQLw==",
      "optional": true
    },
    "node_modules/hbase": {
      "version": "0.6.1",
      "resolved": "https://repo.ihsmarkit.com/artifactory/api/npm/npm-ultraviolet/hbase/-/hbase-0.6.1.tgz",
      "integrity": "sha512-9z+2T2kHUovikZYpPGE1qM9FKBm+/OMqRa4TfFD+2czzs2H4Ahg9ZIAW1VswVcUmTmjCvgWYvvZy4OdKVQ+SBg==",
      "engines": {
        "node": ">= 0.1.90"
      },
      "optionalDependencies": {
        "krb5": "^0.5.0"
      }
    },
    "node_modules/krb5": {
      "version": "0.5.5",
      "resolved": "https://repo.ihsmarkit.com/artifactory/api/npm/npm-ultraviolet/krb5/-/krb5-0.5.5.tgz",
      "integrity": "sha512-6Q46L9QWkOhtH7RLwMW7PSVr/ozILbFov9Sy6vUemIHBKB3P0I2QKSgcochF8RgvU56n0YFwLjYIoCx7BkJxjg==",
      "hasInstallScript": true,
      "optional": true,
      "dependencies": {
        "bindings": "1.5.0",
        "node-addon-api": "1.7.1"
      }
    },
    "node_modules/node-addon-api": {
      "version": "1.7.1",
      "resolved": "https://repo.ihsmarkit.com/artifactory/api/npm/npm-ultraviolet/node-addon-api/-/node-addon-api-1.7.1.tgz",
      "integrity": "sha512-2+DuKodWvwRTrCfKOeR24KIc5unKjOh8mz17NCzVnHWfjAdDqbfbjqh7gUT+BkXBRQM52+xCHciKWonJ3CbJMQ==",
      "optional": true
    }
  },
  "dependencies": {
    "bindings": {
      "version": "1.5.0",
      "resolved": "https://repo.ihsmarkit.com/artifactory/api/npm/npm-ultraviolet/bindings/-/bindings-1.5.0.tgz",
      "integrity": "sha512-p2q/t/mhvuOj/UeLlV6566GD/guowlr0hHxClI0W9m7MWYkL1F0hLo+0Aexs9HSPCtR1SXQ0TD3MMKrXZajbiQ==",
      "optional": true,
      "requires": {
        "file-uri-to-path": "1.0.0"
      }
    },
    "file-uri-to-path": {
      "version": "1.0.0",
      "resolved": "https://repo.ihsmarkit.com/artifactory/api/npm/npm-ultraviolet/file-uri-to-path/-/file-uri-to-path-1.0.0.tgz",
      "integrity": "sha512-0Zt+s3L7Vf1biwWZ29aARiVYLx7iMGnEUl9x33fbB/j3jR81u/O2LbqK+Bm1CDSNDKVtJ/YjwY7TUd5SkeLQLw==",
      "optional": true
    },
    "hbase": {
      "version": "0.6.1",
      "resolved": "https://repo.ihsmarkit.com/artifactory/api/npm/npm-ultraviolet/hbase/-/hbase-0.6.1.tgz",
      "integrity": "sha512-9z+2T2kHUovikZYpPGE1qM9FKBm+/OMqRa4TfFD+2czzs2H4Ahg9ZIAW1VswVcUmTmjCvgWYvvZy4OdKVQ+SBg==",
      "requires": {
        "krb5": "^0.5.0"
      }
    },
    "krb5": {
      "version": "0.5.5",
      "resolved": "https://repo.ihsmarkit.com/artifactory/api/npm/npm-ultraviolet/krb5/-/krb5-0.5.5.tgz",
      "integrity": "sha512-6Q46L9QWkOhtH7RLwMW7PSVr/ozILbFov9Sy6vUemIHBKB3P0I2QKSgcochF8RgvU56n0YFwLjYIoCx7BkJxjg==",
      "optional": true,
      "requires": {
        "bindings": "1.5.0",
        "node-addon-api": "1.7.1"
      }
    },
    "node-addon-api": {
      "version": "1.7.1",
      "resolved": "https://repo.ihsmarkit.com/artifactory/api/npm/npm-ultraviolet/node-addon-api/-/node-addon-api-1.7.1.tgz",
      "integrity": "sha512-2+DuKodWvwRTrCfKOeR24KIc5unKjOh8mz17NCzVnHWfjAdDqbfbjqh7gUT+BkXBRQM52+xCHciKWonJ3CbJMQ==",
      "optional": true
    }
  }
}
